
Microsoft Visual Studio Solution File, Format Version 12.00
Project("{FAE04EC0-301F-11D3-BF4B-00C04F79EFBC}") = "Assignment1_8", "Assignment1_8\Assignment1_8.csproj", "{C8425156-6B7B-498B-97C1-E0961C25759B}"
EndProject
Global
	GlobalSection(SolutionConfigurationPlatforms) = preSolution
		Debug|Any CPU = Debug|Any CPU
		Release|Any CPU = Release|Any CPU
	EndGlobalSection
	GlobalSection(ProjectConfigurationPlatforms) = postSolution
		{C8425156-6B7B-498B-97C1-E0961C25759B}.Debug|Any CPU.ActiveCfg = Debug|Any CPU
		{C8425156-6B7B-498B-97C1-E0961C25759B}.Debug|Any CPU.Build.0 = Debug|Any CPU
		{C8425156-6B7B-498B-97C1-E0961C25759B}.Release|Any CPU.ActiveCfg = Release|Any CPU
		{C8425156-6B7B-498B-97C1-E0961C25759B}.Release|Any CPU.Build.0 = Release|Any CPU
	EndGlobalSection
EndGlobal
